{
    "_meta": {
        "hash": {
            "sha256": "4ade9ee99d4d408ea55c5b4972fb7e48fa2cad02ec5b923de4362fd305627032"
        },
        "pipfile-spec": 6,
        "requires": {},
        "sources": [
            {
                "name": "firstmil-proto",
                "url": "https://pypi.python.org/simple",
                "verify_ssl": true
            }
        ]
    },
    "default": {
        "protobuf": {
            "hashes": [
                "sha256:0eb523c550a66a09a0c20f86dd554afbf4d32b02af34ae53d93268c1f73bc65b",
                "sha256:35c859ae076d8c56054c25b59e5e59638d86545ed6e2b6efac6be0b6ea3ba048",
                "sha256:4f6c687ae8efae6cf6093389a596548214467778146b7245e886f35e1485315d",
                "sha256:50f32cc9fd9cb09c783ebc275611b4f19dfdfb68d1ee55d2f0c7fa040df96815",
                "sha256:524afedc03b31b15586ca7f64d877a98b184f007180ce25183d1a5cb230ee72b",
                "sha256:7653c99774f73fe6b9301b87da52af0e69783a2e371e8b599b3e9cb4da4b12b9",
                "sha256:acec579c39c88bd8fbbacab1b8052c793efe83a0a5bd99db4a31423a25c0a0e2",
                "sha256:ae86b030e69a98e08c77beab574cbcb9fff6d031d57209f574a5aea1445f4b51",
                "sha256:b12ef7df7b9329886e66404bef5e9ce6a26b54069d7f7436a0853ccdeb91c103"
            ],
            "index": "firstmil-proto",
            "markers": "python_version >= '3.9'",
            "version": "==6.30.2"
        }
    },
    "develop": {}
}
